
Microsoft Visual Studio Solution File, Format Version 12.00
# Visual Studio 15
VisualStudioVersion = 15.0.26228.4
MinimumVisualStudioVersion = 10.0.40219.1
Project("{FAE04EC0-301F-11D3-BF4B-00C04F79EFBC}") = "FreneticGameEngineWelcomer", "FreneticGameEngineWelcomer\FreneticGameEngineWelcomer.csproj", "{47D11750-7958-427D-960F-5FC96D50FDBA}"
EndProject
Project("{FAE04EC0-301F-11D3-BF4B-00C04F79EFBC}") = "FreneticGameCore", "FreneticGameCore\FreneticGameCore.csproj", "{C608FD6D-FB74-4A0B-AFFE-D24AC7DEB3E3}"
EndProject
Project("{FAE04EC0-301F-11D3-BF4B-00C04F79EFBC}") = "FreneticGameGraphics", "FreneticGameGraphics\FreneticGameGraphics.csproj", "{CF20C1B4-C199-4D11-8053-ECF7D18B4B7B}"
EndProject
Project("{FAE04EC0-301F-11D3-BF4B-00C04F79EFBC}") = "FreneticDataSyntax", "FreneticDataSyntax\FreneticDataSyntax\FreneticDataSyntax.csproj", "{1DB47D6A-4225-4F25-8559-2C6292496953}"
EndProject
Project("{FAE04EC0-301F-11D3-BF4B-00C04F79EFBC}") = "FreneticScript", "FreneticScript\FreneticScript\FreneticScript.csproj", "{0672DD5F-6F33-4853-BD6E-8716D3ABC7AD}"
EndProject
Global
	GlobalSection(SolutionConfigurationPlatforms) = preSolution
		Debug|Any CPU = Debug|Any CPU
		Release|Any CPU = Release|Any CPU
	EndGlobalSection
	GlobalSection(ProjectConfigurationPlatforms) = postSolution
		{47D11750-7958-427D-960F-5FC96D50FDBA}.Debug|Any CPU.ActiveCfg = Debug|Any CPU
		{47D11750-7958-427D-960F-5FC96D50FDBA}.Debug|Any CPU.Build.0 = Debug|Any CPU
		{47D11750-7958-427D-960F-5FC96D50FDBA}.Release|Any CPU.ActiveCfg = Release|Any CPU
		{47D11750-7958-427D-960F-5FC96D50FDBA}.Release|Any CPU.Build.0 = Release|Any CPU
		{C608FD6D-FB74-4A0B-AFFE-D24AC7DEB3E3}.Debug|Any CPU.ActiveCfg = Debug|Any CPU
		{C608FD6D-FB74-4A0B-AFFE-D24AC7DEB3E3}.Debug|Any CPU.Build.0 = Debug|Any CPU
		{C608FD6D-FB74-4A0B-AFFE-D24AC7DEB3E3}.Release|Any CPU.ActiveCfg = Release|Any CPU
		{C608FD6D-FB74-4A0B-AFFE-D24AC7DEB3E3}.Release|Any CPU.Build.0 = Release|Any CPU
		{CF20C1B4-C199-4D11-8053-ECF7D18B4B7B}.Debug|Any CPU.ActiveCfg = Debug|Any CPU
		{CF20C1B4-C199-4D11-8053-ECF7D18B4B7B}.Debug|Any CPU.Build.0 = Debug|Any CPU
		{CF20C1B4-C199-4D11-8053-ECF7D18B4B7B}.Release|Any CPU.ActiveCfg = Release|Any CPU
		{CF20C1B4-C199-4D11-8053-ECF7D18B4B7B}.Release|Any CPU.Build.0 = Release|Any CPU
		{1DB47D6A-4225-4F25-8559-2C6292496953}.Debug|Any CPU.ActiveCfg = Debug|Any CPU
		{1DB47D6A-4225-4F25-8559-2C6292496953}.Debug|Any CPU.Build.0 = Debug|Any CPU
		{1DB47D6A-4225-4F25-8559-2C6292496953}.Release|Any CPU.ActiveCfg = Release|Any CPU
		{1DB47D6A-4225-4F25-8559-2C6292496953}.Release|Any CPU.Build.0 = Release|Any CPU
		{0672DD5F-6F33-4853-BD6E-8716D3ABC7AD}.Debug|Any CPU.ActiveCfg = Debug|Any CPU
		{0672DD5F-6F33-4853-BD6E-8716D3ABC7AD}.Debug|Any CPU.Build.0 = Debug|Any CPU
		{0672DD5F-6F33-4853-BD6E-8716D3ABC7AD}.Release|Any CPU.ActiveCfg = Release|Any CPU
		{0672DD5F-6F33-4853-BD6E-8716D3ABC7AD}.Release|Any CPU.Build.0 = Release|Any CPU
	EndGlobalSection
	GlobalSection(SolutionProperties) = preSolution
		HideSolutionNode = FALSE
	EndGlobalSection
EndGlobal
